
Microsoft Visual Studio Solution File, Format Version 12.00
# Visual Studio 14
VisualStudioVersion = 14.0.24720.0
MinimumVisualStudioVersion = 10.0.40219.1
Project("{FAE04EC0-301F-11D3-BF4B-00C04F79EFBC}") = "MvcBlog.WebUI", "MvcBlog_WebUI\MvcBlog.WebUI.csproj", "{DA66B021-196B-4199-9293-BB55FE87E138}"
EndProject
Project("{FAE04EC0-301F-11D3-BF4B-00C04F79EFBC}") = "MvcBlog.BLL", "MvcBlog.BLL\MvcBlog.BLL.csproj", "{18C8536F-A14F-49F2-BEA0-1A3913FA117E}"
EndProject
Project("{FAE04EC0-301F-11D3-BF4B-00C04F79EFBC}") = "MvcBlog.Model", "MvcBlog.Model\MvcBlog.Model.csproj", "{EF949101-D1E3-42E9-962D-53F98CC88F6D}"
EndProject
Project("{FAE04EC0-301F-11D3-BF4B-00C04F79EFBC}") = "MvcBlog.Tools", "MvcBlog.Tools\MvcBlog.Tools.csproj", "{E4AF8BA8-4B7C-4E44-B37E-E500DE263CF1}"
EndProject
Global
	GlobalSection(SolutionConfigurationPlatforms) = preSolution
		Debug|Any CPU = Debug|Any CPU
		Release|Any CPU = Release|Any CPU
	EndGlobalSection
	GlobalSection(ProjectConfigurationPlatforms) = postSolution
		{DA66B021-196B-4199-9293-BB55FE87E138}.Debug|Any CPU.ActiveCfg = Debug|Any CPU
		{DA66B021-196B-4199-9293-BB55FE87E138}.Debug|Any CPU.Build.0 = Debug|Any CPU
		{DA66B021-196B-4199-9293-BB55FE87E138}.Release|Any CPU.ActiveCfg = Release|Any CPU
		{DA66B021-196B-4199-9293-BB55FE87E138}.Release|Any CPU.Build.0 = Release|Any CPU
		{18C8536F-A14F-49F2-BEA0-1A3913FA117E}.Debug|Any CPU.ActiveCfg = Debug|Any CPU
		{18C8536F-A14F-49F2-BEA0-1A3913FA117E}.Debug|Any CPU.Build.0 = Debug|Any CPU
		{18C8536F-A14F-49F2-BEA0-1A3913FA117E}.Release|Any CPU.ActiveCfg = Release|Any CPU
		{18C8536F-A14F-49F2-BEA0-1A3913FA117E}.Release|Any CPU.Build.0 = Release|Any CPU
		{EF949101-D1E3-42E9-962D-53F98CC88F6D}.Debug|Any CPU.ActiveCfg = Debug|Any CPU
		{EF949101-D1E3-42E9-962D-53F98CC88F6D}.Debug|Any CPU.Build.0 = Debug|Any CPU
		{EF949101-D1E3-42E9-962D-53F98CC88F6D}.Release|Any CPU.ActiveCfg = Release|Any CPU
		{EF949101-D1E3-42E9-962D-53F98CC88F6D}.Release|Any CPU.Build.0 = Release|Any CPU
		{E4AF8BA8-4B7C-4E44-B37E-E500DE263CF1}.Debug|Any CPU.ActiveCfg = Debug|Any CPU
		{E4AF8BA8-4B7C-4E44-B37E-E500DE263CF1}.Debug|Any CPU.Build.0 = Debug|Any CPU
		{E4AF8BA8-4B7C-4E44-B37E-E500DE263CF1}.Release|Any CPU.ActiveCfg = Release|Any CPU
		{E4AF8BA8-4B7C-4E44-B37E-E500DE263CF1}.Release|Any CPU.Build.0 = Release|Any CPU
	EndGlobalSection
	GlobalSection(SolutionProperties) = preSolution
		HideSolutionNode = FALSE
	EndGlobalSection
EndGlobal
